
Microsoft Visual Studio Solution File, Format Version 12.00
# Visual Studio Version 17
VisualStudioVersion = 17.4.33213.308
MinimumVisualStudioVersion = 10.0.40219.1
Project("{9A19103F-16F7-4668-BE54-9A1E7A4F7556}") = "WebApplication1", "WebApplication1\WebApplication1.csproj", "{4F9EE899-7351-4CDA-987D-54FD510F028C}"
EndProject
Global
	GlobalSection(SolutionConfigurationPlatforms) = preSolution
		Debug|Any CPU = Debug|Any CPU
		Release|Any CPU = Release|Any CPU
	EndGlobalSection
	GlobalSection(ProjectConfigurationPlatforms) = postSolution
		{4F9EE899-7351-4CDA-987D-54FD510F028C}.Debug|Any CPU.ActiveCfg = Debug|Any CPU
		{4F9EE899-7351-4CDA-987D-54FD510F028C}.Debug|Any CPU.Build.0 = Debug|Any CPU
		{4F9EE899-7351-4CDA-987D-54FD510F028C}.Release|Any CPU.ActiveCfg = Release|Any CPU
		{4F9EE899-7351-4CDA-987D-54FD510F028C}.Release|Any CPU.Build.0 = Release|Any CPU
	EndGlobalSection
	GlobalSection(SolutionProperties) = preSolution
		HideSolutionNode = FALSE
	EndGlobalSection
	GlobalSection(ExtensibilityGlobals) = postSolution
		SolutionGuid = {A4E4E7D6-B316-4465-A8C1-E57774F99390}
	EndGlobalSection
EndGlobal
